# THIS IS AN AUTOGENERATED FILE. DO NOT EDIT THIS FILE DIRECTLY.
# yarn lockfile v1


deepmerge@^4.0.0:
  version "4.2.2"
  resolved "https://registry.yarnpkg.com/deepmerge/-/deepmerge-4.2.2.tgz#44d2ea3679b8f4d4ffba33f03d865fc1e7bf4955"
  integrity sha512-FJ3UgI4gIl+PHZm53knsuSFpE+nESMr7M4v9QcgB7S63Kj/6WqMiFQJpBBYz1Pt+66bZpP3Q7Lye0Oo9MPKEdg==

eme-encryption-scheme-polyfill@^2.0.1:
  version "2.0.2"
  resolved "https://registry.yarnpkg.com/eme-encryption-scheme-polyfill/-/eme-encryption-scheme-polyfill-2.0.2.tgz#6d3edb6d95951883a499f2d6dafbd84a5574f8c3"
  integrity sha512-tZXuxVUCV1GmlQBGGVVNAt6lXBUxjDFqIAPAhz4F5Z/TvCi/coojxcZGEO5k+KMt/dWRFmXaK5pxKCMehue/oA==

"js-tokens@^3.0.0 || ^4.0.0":
  version "4.0.0"
  resolved "https://registry.yarnpkg.com/js-tokens/-/js-tokens-4.0.0.tgz#19203fb59991df98e3a287050d4647cdeaf32499"
  integrity sha512-RdJUflcE3cUzKiMqQgsCu06FPu9UdIJO0beYbPhHN4k6apgJtifcoCtT9bcxOpYBtpD2kCM6Sbzg4CausW/PKQ==

keymirror@^0.1.1:
  version "0.1.1"
  resolved "https://registry.yarnpkg.com/keymirror/-/keymirror-0.1.1.tgz#918889ea13f8d0a42e7c557250eee713adc95c35"
  integrity sha1-kYiJ6hP40KQufFVyUO7nE63JXDU=

load-script@^1.0.0:
  version "1.0.0"
  resolved "https://registry.yarnpkg.com/load-script/-/load-script-1.0.0.tgz#0491939e0bee5643ee494a7e3da3d2bac70c6ca4"
  integrity sha1-BJGTngvuVkPuSUp+PaPSuscMbKQ=

loose-envify@^1.4.0:
  version "1.4.0"
  resolved "https://registry.yarnpkg.com/loose-envify/-/loose-envify-1.4.0.tgz#71ee51fa7be4caec1a63839f7e682d8132d30caf"
  integrity sha512-lyuxPGr/Wfhrlem2CL/UcnUc1zcqKAImBDzukY7Y5F/yQiNdko6+fRLevlw1HgMySw7f611UIY408EtxRSoK3Q==
  dependencies:
    js-tokens "^3.0.0 || ^4.0.0"

memoize-one@^5.1.1:
  version "5.1.1"
  resolved "https://registry.yarnpkg.com/memoize-one/-/memoize-one-5.1.1.tgz#047b6e3199b508eaec03504de71229b8eb1d75c0"
  integrity sha512-HKeeBpWvqiVJD57ZUAsJNm71eHTykffzcLZVYWiVfQeI1rJtuEaS7hQiEpWfVVk18donPwJEcFKIkCmPJNOhHA==

object-assign@^4.1.1:
  version "4.1.1"
  resolved "https://registry.yarnpkg.com/object-assign/-/object-assign-4.1.1.tgz#2109adc7965887cfc05cbbd442cac8bfbb360863"
  integrity sha1-IQmtx5ZYh8/AXLvUQsrIv7s2CGM=

prop-types@^15.7.2:
  version "15.7.2"
  resolved "https://registry.yarnpkg.com/prop-types/-/prop-types-15.7.2.tgz#52c41e75b8c87e72b9d9360e0206b99dcbffa6c5"
  integrity sha512-8QQikdH7//R2vurIJSutZ1smHYTcLpRWEOlHnzcWHmBYrOGUysKwSsrC89BCiFj3CbrfJ/nXFdJepOVrY1GCHQ==
  dependencies:
    loose-envify "^1.4.0"
    object-assign "^4.1.1"
    react-is "^16.8.1"

react-fast-compare@^3.0.1:
  version "3.2.0"
  resolved "https://registry.yarnpkg.com/react-fast-compare/-/react-fast-compare-3.2.0.tgz#641a9da81b6a6320f270e89724fb45a0b39e43bb"
  integrity sha512-rtGImPZ0YyLrscKI9xTpV8psd6I8VAtjKCzQDlzyDvqJA8XOW78TXYQwNRNd8g8JZnDu8q9Fu/1v4HPAVwVdHA==

react-is@^16.8.1:
  version "16.13.1"
  resolved "https://registry.yarnpkg.com/react-is/-/react-is-16.13.1.tgz#789729a4dc36de2999dc156dd6c1d9c18cea56a4"
  integrity sha512-24e6ynE2H+OKt4kqsOvNd8kBpV65zoxbA4BVsEOB3ARVWQki/DHzaUoC5KuON/BiccDaCCTZBuOcfZs70kR8bQ==

react-native-video@^5.1.1:
  version "5.1.1"
  resolved "https://registry.yarnpkg.com/react-native-video/-/react-native-video-5.1.1.tgz#89a7989efeb8d404611c06154d1da227a745d7d8"
  integrity sha512-zee8gRUrjPWRoZSEBiMebClqu1iAuCQNLjzqpmXFrRWEoJj7azM3BPqLQWJgsnfLiYUYGySeApC/G60THM5+tw==
  dependencies:
    keymirror "^0.1.1"
    prop-types "^15.7.2"
    shaka-player "^2.5.9"

react-player@^2.9.0:
  version "2.9.0"
  resolved "https://registry.yarnpkg.com/react-player/-/react-player-2.9.0.tgz#ef7fe7073434087565f00ff219824e1e02c4b046"
  integrity sha512-jNUkTfMmUhwPPAktAdIqiBcVUKsFKrVGH6Ocutj6535CNfM91yrvWxHg6fvIX8Y/fjYUPoejddwh7qboNV9vGA==
  dependencies:
    deepmerge "^4.0.0"
    load-script "^1.0.0"
    memoize-one "^5.1.1"
    prop-types "^15.7.2"
    react-fast-compare "^3.0.1"

shaka-player@^2.5.9:
  version "2.5.21"
  resolved "https://registry.yarnpkg.com/shaka-player/-/shaka-player-2.5.21.tgz#37969672e445cabcb4a0ac0dbbe2349df966ae4c"
  integrity sha512-7LCadr8ohzMaiagWTzV3HzdSBlpswFUWBet2J4WtNr3Z1C3jzKhdjAgNjPPWwypdaAfM2lN+3ez9LKp9wRyH0w==
  dependencies:
    eme-encryption-scheme-polyfill "^2.0.1"
